
Microsoft Visual Studio Solution File, Format Version 12.00
# Visual Studio Version 16
VisualStudioVersion = 16.0.30711.63
MinimumVisualStudioVersion = 10.0.40219.1
Project("{2150E333-8FDC-42A3-9474-1A3956D46DE8}") = "02 Recursion", "02 Recursion", "{0C42FE19-9D1E-44C1-9C2A-498BF6EC2FB9}"
EndProject
Project("{2150E333-8FDC-42A3-9474-1A3956D46DE8}") = "01 C lang", "01 C lang", "{9DCE97C8-DEDF-4434-B566-C87AF5918E8D}"
EndProject
Project("{2150E333-8FDC-42A3-9474-1A3956D46DE8}") = "03 ArrayADT", "03 ArrayADT", "{1DD6C673-363C-4207-AF87-DB88BD39F712}"
EndProject
Project("{8BC9CEB8-8B4A-11D0-8D11-00A0C91BC942}") = "001Arrays", "01 C Lang\001Arrays\Arrays.vcxproj", "{25D28627-1D4A-47F8-81FE-5420C691414A}"
EndProject
Project("{8BC9CEB8-8B4A-11D0-8D11-00A0C91BC942}") = "002Sturct", "01 C Lang\002Sturct\Sturct.vcxproj", "{90BAF8F8-E081-40BB-8B91-1ADD38908D41}"
EndProject
Project("{8BC9CEB8-8B4A-11D0-8D11-00A0C91BC942}") = "003Pointers", "01 C Lang\003Pointers\Pointers.vcxproj", "{B54D3930-DA28-4DB1-A4B5-A3D1E5D9DECA}"
EndProject
Project("{8BC9CEB8-8B4A-11D0-8D11-00A0C91BC942}") = "004Reference", "01 C Lang\004References\References.vcxproj", "{DF2BAE5A-759D-4A31-B063-197670BBD019}"
EndProject
Project("{8BC9CEB8-8B4A-11D0-8D11-00A0C91BC942}") = "005PointerToStructure", "01 C Lang\005PointerToStructure\PointerToStructure.vcxproj", "{C698E3EF-A05B-4B9B-AC84-8279A2D49D36}"
EndProject
Project("{8BC9CEB8-8B4A-11D0-8D11-00A0C91BC942}") = "006ParameterPassing", "01 C Lang\006ParameterPassing\006ParameterPassing.vcxproj", "{8C138A6A-6433-4CBB-8FE1-5F341725DFB7}"
EndProject
Project("{8BC9CEB8-8B4A-11D0-8D11-00A0C91BC942}") = "007ArrayAsParameter", "01 C Lang\007ArrayAsParameter\ArrayAsParameter.vcxproj", "{EB70D34B-1C48-409A-AC78-7CA3E0C18FE4}"
EndProject
Project("{8BC9CEB8-8B4A-11D0-8D11-00A0C91BC942}") = "008StructAsParameter", "01 C Lang\008StructAsParameter\StructAsParameter.vcxproj", "{A6628ECF-589B-47CF-AC80-2B8E993B47B2}"
EndProject
Project("{8BC9CEB8-8B4A-11D0-8D11-00A0C91BC942}") = "009MonolithicProgram", "01 C Lang\009MonolithicProgram\MonolithicProgram.vcxproj", "{8465B00A-D7DC-4EF4-AB7E-79CC52521BEA}"
EndProject
Project("{8BC9CEB8-8B4A-11D0-8D11-00A0C91BC942}") = "010ModularProgram", "01 C Lang\010ModularProgram\ModularProgram.vcxproj", "{81E617F5-2B99-4096-AEEB-6BBAB7670A91}"
EndProject
Project("{8BC9CEB8-8B4A-11D0-8D11-00A0C91BC942}") = "011StructureAndFunction", "01 C Lang\011StructureAndFunction\StructureAndFunction.vcxproj", "{6F2C8DB1-F214-47D5-931F-A0ADEFB52E4A}"
EndProject
Project("{8BC9CEB8-8B4A-11D0-8D11-00A0C91BC942}") = "012Object-OrientedProgram", "01 C Lang\012Object-OrientedProgram\Object-OrientedProgram.vcxproj", "{05C8C548-EBA9-4B55-AB56-CC6587AB9E4C}"
EndProject
Project("{8BC9CEB8-8B4A-11D0-8D11-00A0C91BC942}") = "013Classes", "01 C Lang\013Classes\Classes.vcxproj", "{913E5B1D-615D-432A-AE0F-72E27CB0FC11}"
EndProject
Project("{8BC9CEB8-8B4A-11D0-8D11-00A0C91BC942}") = "014Recursion", "02 Recursion\014Recursion\Recursion.vcxproj", "{398CDFE1-A017-4503-BEE0-424330AC963E}"
EndProject
Project("{8BC9CEB8-8B4A-11D0-8D11-00A0C91BC942}") = "015StaticAndGlobalVarInRecursion", "02 Recursion\015StaticAndGlobalVarInRecursion\015StaticAndGlobalVarInRecursion.vcxproj", "{934B1C2C-C696-4EA2-9F46-C57D47C07E51}"
EndProject
Project("{8BC9CEB8-8B4A-11D0-8D11-00A0C91BC942}") = "016TreeRecursion", "02 Recursion\016TreeRecursion\016TreeRecursion.vcxproj", "{5FE2CB56-336B-449A-A895-B6DE081683FD}"
EndProject
Project("{8BC9CEB8-8B4A-11D0-8D11-00A0C91BC942}") = "017IndrectRecursion", "02 Recursion\017IndrectRecursion\017IndrectRecursion.vcxproj", "{04695EE3-7480-42B2-9595-2014F2435F88}"
EndProject
Project("{8BC9CEB8-8B4A-11D0-8D11-00A0C91BC942}") = "018NestedRecursion", "02 Recursion\018NestedRecursion\018NestedRecursion.vcxproj", "{CA3ADF59-9CDF-4993-B6A5-8BCA19722D5D}"
EndProject
Project("{8BC9CEB8-8B4A-11D0-8D11-00A0C91BC942}") = "019SumofN", "02 Recursion\019SumofN\019SumofN.vcxproj", "{DAF3E82E-915F-4E0D-9F53-6B0DBECFCDB0}"
EndProject
Project("{8BC9CEB8-8B4A-11D0-8D11-00A0C91BC942}") = "020Factorio", "02 Recursion\020Factorio\020Factorio.vcxproj", "{F65EF5DD-4992-44CB-92BC-ECE5FC2A6338}"
EndProject
Project("{8BC9CEB8-8B4A-11D0-8D11-00A0C91BC942}") = "021PowRecursion", "02 Recursion\021PowRecursion\021PowRecursion.vcxproj", "{0EB4FEB1-C421-42F6-B692-A335D8676C14}"
EndProject
Project("{8BC9CEB8-8B4A-11D0-8D11-00A0C91BC942}") = "022TylorSeriesRecursion", "02 Recursion\022TylorSeriesRecursion\022TylorSeriesRecursion.vcxproj", "{F0077C68-1797-4480-9DAB-6DE26E58DC7D}"
EndProject
Project("{8BC9CEB8-8B4A-11D0-8D11-00A0C91BC942}") = "023TaylorSeriesHornorRules", "02 Recursion\023TaylorSeriesHornorRules\023TaylorSeriesHornorRules.vcxproj", "{806D7F37-1F16-4F45-94AF-4A3FEE90EE71}"
EndProject
Project("{8BC9CEB8-8B4A-11D0-8D11-00A0C91BC942}") = "024TaylorSeriesIterative", "02 Recursion\024TaylorSeriesIterative\024TaylorSeriesIterative.vcxproj", "{B5CF7278-1314-40B6-8872-DC276419C580}"
EndProject
Project("{8BC9CEB8-8B4A-11D0-8D11-00A0C91BC942}") = "025Fibonacci", "02 Recursion\025Fibonacci\Fibonacci.vcxproj", "{2D8E5E7A-DD5C-4D59-951E-6E564041CDB3}"
EndProject
Project("{8BC9CEB8-8B4A-11D0-8D11-00A0C91BC942}") = "026nCrRecursion", "02 Recursion\026nCrRecursion\026nCrRecursion.vcxproj", "{40893EF7-17BE-4089-87DC-FD69C1C264C7}"
EndProject
Project("{8BC9CEB8-8B4A-11D0-8D11-00A0C91BC942}") = "027Hanoi", "02 Recursion\027Hanoi\027Hanoi.vcxproj", "{9735790A-FEBE-4B12-A355-DD51975F8109}"
EndProject
Project("{8BC9CEB8-8B4A-11D0-8D11-00A0C91BC942}") = "028 Array", "03 ArrayADT\028 Array\028 Array.vcxproj", "{BA3DDC78-503F-4CE4-82A2-893A0AD9486E}"
EndProject
Project("{8BC9CEB8-8B4A-11D0-8D11-00A0C91BC942}") = "029 ArrayCPP", "03 ArrayADT\029 ArrayCPP\029 ArrayCPP.vcxproj", "{607878FD-FFD4-4BD5-BF86-9FEF9EDD7B61}"
EndProject
Project("{8BC9CEB8-8B4A-11D0-8D11-00A0C91BC942}") = "030 ArrayClass", "03 ArrayADT\030 ArrayClass\030 ArrayClass.vcxproj", "{8560485A-BF95-421A-B0E9-D93DB13D1DF0}"
EndProject
Global
	GlobalSection(SolutionConfigurationPlatforms) = preSolution
		Debug|x64 = Debug|x64
		Debug|x86 = Debug|x86
		Release|x64 = Release|x64
		Release|x86 = Release|x86
	EndGlobalSection
	GlobalSection(ProjectConfigurationPlatforms) = postSolution
		{25D28627-1D4A-47F8-81FE-5420C691414A}.Debug|x64.ActiveCfg = Debug|x64
		{25D28627-1D4A-47F8-81FE-5420C691414A}.Debug|x64.Build.0 = Debug|x64
		{25D28627-1D4A-47F8-81FE-5420C691414A}.Debug|x86.ActiveCfg = Debug|Win32
		{25D28627-1D4A-47F8-81FE-5420C691414A}.Debug|x86.Build.0 = Debug|Win32
		{25D28627-1D4A-47F8-81FE-5420C691414A}.Release|x64.ActiveCfg = Release|x64
		{25D28627-1D4A-47F8-81FE-5420C691414A}.Release|x64.Build.0 = Release|x64
		{25D28627-1D4A-47F8-81FE-5420C691414A}.Release|x86.ActiveCfg = Release|Win32
		{25D28627-1D4A-47F8-81FE-5420C691414A}.Release|x86.Build.0 = Release|Win32
		{90BAF8F8-E081-40BB-8B91-1ADD38908D41}.Debug|x64.ActiveCfg = Debug|x64
		{90BAF8F8-E081-40BB-8B91-1ADD38908D41}.Debug|x64.Build.0 = Debug|x64
		{90BAF8F8-E081-40BB-8B91-1ADD38908D41}.Debug|x86.ActiveCfg = Debug|Win32
		{90BAF8F8-E081-40BB-8B91-1ADD38908D41}.Debug|x86.Build.0 = Debug|Win32
		{90BAF8F8-E081-40BB-8B91-1ADD38908D41}.Release|x64.ActiveCfg = Release|x64
		{90BAF8F8-E081-40BB-8B91-1ADD38908D41}.Release|x64.Build.0 = Release|x64
		{90BAF8F8-E081-40BB-8B91-1ADD38908D41}.Release|x86.ActiveCfg = Release|Win32
		{90BAF8F8-E081-40BB-8B91-1ADD38908D41}.Release|x86.Build.0 = Release|Win32
		{B54D3930-DA28-4DB1-A4B5-A3D1E5D9DECA}.Debug|x64.ActiveCfg = Debug|x64
		{B54D3930-DA28-4DB1-A4B5-A3D1E5D9DECA}.Debug|x64.Build.0 = Debug|x64
		{B54D3930-DA28-4DB1-A4B5-A3D1E5D9DECA}.Debug|x86.ActiveCfg = Debug|Win32
		{B54D3930-DA28-4DB1-A4B5-A3D1E5D9DECA}.Debug|x86.Build.0 = Debug|Win32
		{B54D3930-DA28-4DB1-A4B5-A3D1E5D9DECA}.Release|x64.ActiveCfg = Release|x64
		{B54D3930-DA28-4DB1-A4B5-A3D1E5D9DECA}.Release|x64.Build.0 = Release|x64
		{B54D3930-DA28-4DB1-A4B5-A3D1E5D9DECA}.Release|x86.ActiveCfg = Release|Win32
		{B54D3930-DA28-4DB1-A4B5-A3D1E5D9DECA}.Release|x86.Build.0 = Release|Win32
		{DF2BAE5A-759D-4A31-B063-197670BBD019}.Debug|x64.ActiveCfg = Debug|x64
		{DF2BAE5A-759D-4A31-B063-197670BBD019}.Debug|x64.Build.0 = Debug|x64
		{DF2BAE5A-759D-4A31-B063-197670BBD019}.Debug|x86.ActiveCfg = Debug|Win32
		{DF2BAE5A-759D-4A31-B063-197670BBD019}.Debug|x86.Build.0 = Debug|Win32
		{DF2BAE5A-759D-4A31-B063-197670BBD019}.Release|x64.ActiveCfg = Release|x64
		{DF2BAE5A-759D-4A31-B063-197670BBD019}.Release|x64.Build.0 = Release|x64
		{DF2BAE5A-759D-4A31-B063-197670BBD019}.Release|x86.ActiveCfg = Release|Win32
		{DF2BAE5A-759D-4A31-B063-197670BBD019}.Release|x86.Build.0 = Release|Win32
		{C698E3EF-A05B-4B9B-AC84-8279A2D49D36}.Debug|x64.ActiveCfg = Debug|x64
		{C698E3EF-A05B-4B9B-AC84-8279A2D49D36}.Debug|x64.Build.0 = Debug|x64
		{C698E3EF-A05B-4B9B-AC84-8279A2D49D36}.Debug|x86.ActiveCfg = Debug|Win32
		{C698E3EF-A05B-4B9B-AC84-8279A2D49D36}.Debug|x86.Build.0 = Debug|Win32
		{C698E3EF-A05B-4B9B-AC84-8279A2D49D36}.Release|x64.ActiveCfg = Release|x64
		{C698E3EF-A05B-4B9B-AC84-8279A2D49D36}.Release|x64.Build.0 = Release|x64
		{C698E3EF-A05B-4B9B-AC84-8279A2D49D36}.Release|x86.ActiveCfg = Release|Win32
		{C698E3EF-A05B-4B9B-AC84-8279A2D49D36}.Release|x86.Build.0 = Release|Win32
		{8C138A6A-6433-4CBB-8FE1-5F341725DFB7}.Debug|x64.ActiveCfg = Debug|x64
		{8C138A6A-6433-4CBB-8FE1-5F341725DFB7}.Debug|x64.Build.0 = Debug|x64
		{8C138A6A-6433-4CBB-8FE1-5F341725DFB7}.Debug|x86.ActiveCfg = Debug|Win32
		{8C138A6A-6433-4CBB-8FE1-5F341725DFB7}.Debug|x86.Build.0 = Debug|Win32
		{8C138A6A-6433-4CBB-8FE1-5F341725DFB7}.Release|x64.ActiveCfg = Release|x64
		{8C138A6A-6433-4CBB-8FE1-5F341725DFB7}.Release|x64.Build.0 = Release|x64
		{8C138A6A-6433-4CBB-8FE1-5F341725DFB7}.Release|x86.ActiveCfg = Release|Win32
		{8C138A6A-6433-4CBB-8FE1-5F341725DFB7}.Release|x86.Build.0 = Release|Win32
		{EB70D34B-1C48-409A-AC78-7CA3E0C18FE4}.Debug|x64.ActiveCfg = Debug|x64
		{EB70D34B-1C48-409A-AC78-7CA3E0C18FE4}.Debug|x64.Build.0 = Debug|x64
		{EB70D34B-1C48-409A-AC78-7CA3E0C18FE4}.Debug|x86.ActiveCfg = Debug|Win32
		{EB70D34B-1C48-409A-AC78-7CA3E0C18FE4}.Debug|x86.Build.0 = Debug|Win32
		{EB70D34B-1C48-409A-AC78-7CA3E0C18FE4}.Release|x64.ActiveCfg = Release|x64
		{EB70D34B-1C48-409A-AC78-7CA3E0C18FE4}.Release|x64.Build.0 = Release|x64
		{EB70D34B-1C48-409A-AC78-7CA3E0C18FE4}.Release|x86.ActiveCfg = Release|Win32
		{EB70D34B-1C48-409A-AC78-7CA3E0C18FE4}.Release|x86.Build.0 = Release|Win32
		{A6628ECF-589B-47CF-AC80-2B8E993B47B2}.Debug|x64.ActiveCfg = Debug|x64
		{A6628ECF-589B-47CF-AC80-2B8E993B47B2}.Debug|x64.Build.0 = Debug|x64
		{A6628ECF-589B-47CF-AC80-2B8E993B47B2}.Debug|x86.ActiveCfg = Debug|Win32
		{A6628ECF-589B-47CF-AC80-2B8E993B47B2}.Debug|x86.Build.0 = Debug|Win32
		{A6628ECF-589B-47CF-AC80-2B8E993B47B2}.Release|x64.ActiveCfg = Release|x64
		{A6628ECF-589B-47CF-AC80-2B8E993B47B2}.Release|x64.Build.0 = Release|x64
		{A6628ECF-589B-47CF-AC80-2B8E993B47B2}.Release|x86.ActiveCfg = Release|Win32
		{A6628ECF-589B-47CF-AC80-2B8E993B47B2}.Release|x86.Build.0 = Release|Win32
		{8465B00A-D7DC-4EF4-AB7E-79CC52521BEA}.Debug|x64.ActiveCfg = Debug|x64
		{8465B00A-D7DC-4EF4-AB7E-79CC52521BEA}.Debug|x64.Build.0 = Debug|x64
		{8465B00A-D7DC-4EF4-AB7E-79CC52521BEA}.Debug|x86.ActiveCfg = Debug|Win32
		{8465B00A-D7DC-4EF4-AB7E-79CC52521BEA}.Debug|x86.Build.0 = Debug|Win32
		{8465B00A-D7DC-4EF4-AB7E-79CC52521BEA}.Release|x64.ActiveCfg = Release|x64
		{8465B00A-D7DC-4EF4-AB7E-79CC52521BEA}.Release|x64.Build.0 = Release|x64
		{8465B00A-D7DC-4EF4-AB7E-79CC52521BEA}.Release|x86.ActiveCfg = Release|Win32
		{8465B00A-D7DC-4EF4-AB7E-79CC52521BEA}.Release|x86.Build.0 = Release|Win32
		{81E617F5-2B99-4096-AEEB-6BBAB7670A91}.Debug|x64.ActiveCfg = Debug|x64
		{81E617F5-2B99-4096-AEEB-6BBAB7670A91}.Debug|x64.Build.0 = Debug|x64
		{81E617F5-2B99-4096-AEEB-6BBAB7670A91}.Debug|x86.ActiveCfg = Debug|Win32
		{81E617F5-2B99-4096-AEEB-6BBAB7670A91}.Debug|x86.Build.0 = Debug|Win32
		{81E617F5-2B99-4096-AEEB-6BBAB7670A91}.Release|x64.ActiveCfg = Release|x64
		{81E617F5-2B99-4096-AEEB-6BBAB7670A91}.Release|x64.Build.0 = Release|x64
		{81E617F5-2B99-4096-AEEB-6BBAB7670A91}.Release|x86.ActiveCfg = Release|Win32
		{81E617F5-2B99-4096-AEEB-6BBAB7670A91}.Release|x86.Build.0 = Release|Win32
		{6F2C8DB1-F214-47D5-931F-A0ADEFB52E4A}.Debug|x64.ActiveCfg = Debug|x64
		{6F2C8DB1-F214-47D5-931F-A0ADEFB52E4A}.Debug|x64.Build.0 = Debug|x64
		{6F2C8DB1-F214-47D5-931F-A0ADEFB52E4A}.Debug|x86.ActiveCfg = Debug|Win32
		{6F2C8DB1-F214-47D5-931F-A0ADEFB52E4A}.Debug|x86.Build.0 = Debug|Win32
		{6F2C8DB1-F214-47D5-931F-A0ADEFB52E4A}.Release|x64.ActiveCfg = Release|x64
		{6F2C8DB1-F214-47D5-931F-A0ADEFB52E4A}.Release|x64.Build.0 = Release|x64
		{6F2C8DB1-F214-47D5-931F-A0ADEFB52E4A}.Release|x86.ActiveCfg = Release|Win32
		{6F2C8DB1-F214-47D5-931F-A0ADEFB52E4A}.Release|x86.Build.0 = Release|Win32
		{05C8C548-EBA9-4B55-AB56-CC6587AB9E4C}.Debug|x64.ActiveCfg = Debug|x64
		{05C8C548-EBA9-4B55-AB56-CC6587AB9E4C}.Debug|x64.Build.0 = Debug|x64
		{05C8C548-EBA9-4B55-AB56-CC6587AB9E4C}.Debug|x86.ActiveCfg = Debug|Win32
		{05C8C548-EBA9-4B55-AB56-CC6587AB9E4C}.Debug|x86.Build.0 = Debug|Win32
		{05C8C548-EBA9-4B55-AB56-CC6587AB9E4C}.Release|x64.ActiveCfg = Release|x64
		{05C8C548-EBA9-4B55-AB56-CC6587AB9E4C}.Release|x64.Build.0 = Release|x64
		{05C8C548-EBA9-4B55-AB56-CC6587AB9E4C}.Release|x86.ActiveCfg = Release|Win32
		{05C8C548-EBA9-4B55-AB56-CC6587AB9E4C}.Release|x86.Build.0 = Release|Win32
		{913E5B1D-615D-432A-AE0F-72E27CB0FC11}.Debug|x64.ActiveCfg = Debug|x64
		{913E5B1D-615D-432A-AE0F-72E27CB0FC11}.Debug|x64.Build.0 = Debug|x64
		{913E5B1D-615D-432A-AE0F-72E27CB0FC11}.Debug|x86.ActiveCfg = Debug|Win32
		{913E5B1D-615D-432A-AE0F-72E27CB0FC11}.Debug|x86.Build.0 = Debug|Win32
		{913E5B1D-615D-432A-AE0F-72E27CB0FC11}.Release|x64.ActiveCfg = Release|x64
		{913E5B1D-615D-432A-AE0F-72E27CB0FC11}.Release|x64.Build.0 = Release|x64
		{913E5B1D-615D-432A-AE0F-72E27CB0FC11}.Release|x86.ActiveCfg = Release|Win32
		{913E5B1D-615D-432A-AE0F-72E27CB0FC11}.Release|x86.Build.0 = Release|Win32
		{398CDFE1-A017-4503-BEE0-424330AC963E}.Debug|x64.ActiveCfg = Debug|x64
		{398CDFE1-A017-4503-BEE0-424330AC963E}.Debug|x64.Build.0 = Debug|x64
		{398CDFE1-A017-4503-BEE0-424330AC963E}.Debug|x86.ActiveCfg = Debug|Win32
		{398CDFE1-A017-4503-BEE0-424330AC963E}.Debug|x86.Build.0 = Debug|Win32
		{398CDFE1-A017-4503-BEE0-424330AC963E}.Release|x64.ActiveCfg = Release|x64
		{398CDFE1-A017-4503-BEE0-424330AC963E}.Release|x64.Build.0 = Release|x64
		{398CDFE1-A017-4503-BEE0-424330AC963E}.Release|x86.ActiveCfg = Release|Win32
		{398CDFE1-A017-4503-BEE0-424330AC963E}.Release|x86.Build.0 = Release|Win32
		{934B1C2C-C696-4EA2-9F46-C57D47C07E51}.Debug|x64.ActiveCfg = Debug|x64
		{934B1C2C-C696-4EA2-9F46-C57D47C07E51}.Debug|x64.Build.0 = Debug|x64
		{934B1C2C-C696-4EA2-9F46-C57D47C07E51}.Debug|x86.ActiveCfg = Debug|Win32
		{934B1C2C-C696-4EA2-9F46-C57D47C07E51}.Debug|x86.Build.0 = Debug|Win32
		{934B1C2C-C696-4EA2-9F46-C57D47C07E51}.Release|x64.ActiveCfg = Release|x64
		{934B1C2C-C696-4EA2-9F46-C57D47C07E51}.Release|x64.Build.0 = Release|x64
		{934B1C2C-C696-4EA2-9F46-C57D47C07E51}.Release|x86.ActiveCfg = Release|Win32
		{934B1C2C-C696-4EA2-9F46-C57D47C07E51}.Release|x86.Build.0 = Release|Win32
		{5FE2CB56-336B-449A-A895-B6DE081683FD}.Debug|x64.ActiveCfg = Debug|x64
		{5FE2CB56-336B-449A-A895-B6DE081683FD}.Debug|x64.Build.0 = Debug|x64
		{5FE2CB56-336B-449A-A895-B6DE081683FD}.Debug|x86.ActiveCfg = Debug|Win32
		{5FE2CB56-336B-449A-A895-B6DE081683FD}.Debug|x86.Build.0 = Debug|Win32
		{5FE2CB56-336B-449A-A895-B6DE081683FD}.Release|x64.ActiveCfg = Release|x64
		{5FE2CB56-336B-449A-A895-B6DE081683FD}.Release|x64.Build.0 = Release|x64
		{5FE2CB56-336B-449A-A895-B6DE081683FD}.Release|x86.ActiveCfg = Release|Win32
		{5FE2CB56-336B-449A-A895-B6DE081683FD}.Release|x86.Build.0 = Release|Win32
		{04695EE3-7480-42B2-9595-2014F2435F88}.Debug|x64.ActiveCfg = Debug|x64
		{04695EE3-7480-42B2-9595-2014F2435F88}.Debug|x64.Build.0 = Debug|x64
		{04695EE3-7480-42B2-9595-2014F2435F88}.Debug|x86.ActiveCfg = Debug|Win32
		{04695EE3-7480-42B2-9595-2014F2435F88}.Debug|x86.Build.0 = Debug|Win32
		{04695EE3-7480-42B2-9595-2014F2435F88}.Release|x64.ActiveCfg = Release|x64
		{04695EE3-7480-42B2-9595-2014F2435F88}.Release|x64.Build.0 = Release|x64
		{04695EE3-7480-42B2-9595-2014F2435F88}.Release|x86.ActiveCfg = Release|Win32
		{04695EE3-7480-42B2-9595-2014F2435F88}.Release|x86.Build.0 = Release|Win32
		{CA3ADF59-9CDF-4993-B6A5-8BCA19722D5D}.Debug|x64.ActiveCfg = Debug|x64
		{CA3ADF59-9CDF-4993-B6A5-8BCA19722D5D}.Debug|x64.Build.0 = Debug|x64
		{CA3ADF59-9CDF-4993-B6A5-8BCA19722D5D}.Debug|x86.ActiveCfg = Debug|Win32
		{CA3ADF59-9CDF-4993-B6A5-8BCA19722D5D}.Debug|x86.Build.0 = Debug|Win32
		{CA3ADF59-9CDF-4993-B6A5-8BCA19722D5D}.Release|x64.ActiveCfg = Release|x64
		{CA3ADF59-9CDF-4993-B6A5-8BCA19722D5D}.Release|x64.Build.0 = Release|x64
		{CA3ADF59-9CDF-4993-B6A5-8BCA19722D5D}.Release|x86.ActiveCfg = Release|Win32
		{CA3ADF59-9CDF-4993-B6A5-8BCA19722D5D}.Release|x86.Build.0 = Release|Win32
		{DAF3E82E-915F-4E0D-9F53-6B0DBECFCDB0}.Debug|x64.ActiveCfg = Debug|x64
		{DAF3E82E-915F-4E0D-9F53-6B0DBECFCDB0}.Debug|x64.Build.0 = Debug|x64
		{DAF3E82E-915F-4E0D-9F53-6B0DBECFCDB0}.Debug|x86.ActiveCfg = Debug|Win32
		{DAF3E82E-915F-4E0D-9F53-6B0DBECFCDB0}.Debug|x86.Build.0 = Debug|Win32
		{DAF3E82E-915F-4E0D-9F53-6B0DBECFCDB0}.Release|x64.ActiveCfg = Release|x64
		{DAF3E82E-915F-4E0D-9F53-6B0DBECFCDB0}.Release|x64.Build.0 = Release|x64
		{DAF3E82E-915F-4E0D-9F53-6B0DBECFCDB0}.Release|x86.ActiveCfg = Release|Win32
		{DAF3E82E-915F-4E0D-9F53-6B0DBECFCDB0}.Release|x86.Build.0 = Release|Win32
		{F65EF5DD-4992-44CB-92BC-ECE5FC2A6338}.Debug|x64.ActiveCfg = Debug|x64
		{F65EF5DD-4992-44CB-92BC-ECE5FC2A6338}.Debug|x64.Build.0 = Debug|x64
		{F65EF5DD-4992-44CB-92BC-ECE5FC2A6338}.Debug|x86.ActiveCfg = Debug|Win32
		{F65EF5DD-4992-44CB-92BC-ECE5FC2A6338}.Debug|x86.Build.0 = Debug|Win32
		{F65EF5DD-4992-44CB-92BC-ECE5FC2A6338}.Release|x64.ActiveCfg = Release|x64
		{F65EF5DD-4992-44CB-92BC-ECE5FC2A6338}.Release|x64.Build.0 = Release|x64
		{F65EF5DD-4992-44CB-92BC-ECE5FC2A6338}.Release|x86.ActiveCfg = Release|Win32
		{F65EF5DD-4992-44CB-92BC-ECE5FC2A6338}.Release|x86.Build.0 = Release|Win32
		{0EB4FEB1-C421-42F6-B692-A335D8676C14}.Debug|x64.ActiveCfg = Debug|x64
		{0EB4FEB1-C421-42F6-B692-A335D8676C14}.Debug|x64.Build.0 = Debug|x64
		{0EB4FEB1-C421-42F6-B692-A335D8676C14}.Debug|x86.ActiveCfg = Debug|Win32
		{0EB4FEB1-C421-42F6-B692-A335D8676C14}.Debug|x86.Build.0 = Debug|Win32
		{0EB4FEB1-C421-42F6-B692-A335D8676C14}.Release|x64.ActiveCfg = Release|x64
		{0EB4FEB1-C421-42F6-B692-A335D8676C14}.Release|x64.Build.0 = Release|x64
		{0EB4FEB1-C421-42F6-B692-A335D8676C14}.Release|x86.ActiveCfg = Release|Win32
		{0EB4FEB1-C421-42F6-B692-A335D8676C14}.Release|x86.Build.0 = Release|Win32
		{F0077C68-1797-4480-9DAB-6DE26E58DC7D}.Debug|x64.ActiveCfg = Debug|x64
		{F0077C68-1797-4480-9DAB-6DE26E58DC7D}.Debug|x64.Build.0 = Debug|x64
		{F0077C68-1797-4480-9DAB-6DE26E58DC7D}.Debug|x86.ActiveCfg = Debug|Win32
		{F0077C68-1797-4480-9DAB-6DE26E58DC7D}.Debug|x86.Build.0 = Debug|Win32
		{F0077C68-1797-4480-9DAB-6DE26E58DC7D}.Release|x64.ActiveCfg = Release|x64
		{F0077C68-1797-4480-9DAB-6DE26E58DC7D}.Release|x64.Build.0 = Release|x64
		{F0077C68-1797-4480-9DAB-6DE26E58DC7D}.Release|x86.ActiveCfg = Release|Win32
		{F0077C68-1797-4480-9DAB-6DE26E58DC7D}.Release|x86.Build.0 = Release|Win32
		{806D7F37-1F16-4F45-94AF-4A3FEE90EE71}.Debug|x64.ActiveCfg = Debug|x64
		{806D7F37-1F16-4F45-94AF-4A3FEE90EE71}.Debug|x64.Build.0 = Debug|x64
		{806D7F37-1F16-4F45-94AF-4A3FEE90EE71}.Debug|x86.ActiveCfg = Debug|Win32
		{806D7F37-1F16-4F45-94AF-4A3FEE90EE71}.Debug|x86.Build.0 = Debug|Win32
		{806D7F37-1F16-4F45-94AF-4A3FEE90EE71}.Release|x64.ActiveCfg = Release|x64
		{806D7F37-1F16-4F45-94AF-4A3FEE90EE71}.Release|x64.Build.0 = Release|x64
		{806D7F37-1F16-4F45-94AF-4A3FEE90EE71}.Release|x86.ActiveCfg = Release|Win32
		{806D7F37-1F16-4F45-94AF-4A3FEE90EE71}.Release|x86.Build.0 = Release|Win32
		{B5CF7278-1314-40B6-8872-DC276419C580}.Debug|x64.ActiveCfg = Debug|x64
		{B5CF7278-1314-40B6-8872-DC276419C580}.Debug|x64.Build.0 = Debug|x64
		{B5CF7278-1314-40B6-8872-DC276419C580}.Debug|x86.ActiveCfg = Debug|Win32
		{B5CF7278-1314-40B6-8872-DC276419C580}.Debug|x86.Build.0 = Debug|Win32
		{B5CF7278-1314-40B6-8872-DC276419C580}.Release|x64.ActiveCfg = Release|x64
		{B5CF7278-1314-40B6-8872-DC276419C580}.Release|x64.Build.0 = Release|x64
		{B5CF7278-1314-40B6-8872-DC276419C580}.Release|x86.ActiveCfg = Release|Win32
		{B5CF7278-1314-40B6-8872-DC276419C580}.Release|x86.Build.0 = Release|Win32
		{2D8E5E7A-DD5C-4D59-951E-6E564041CDB3}.Debug|x64.ActiveCfg = Debug|x64
		{2D8E5E7A-DD5C-4D59-951E-6E564041CDB3}.Debug|x64.Build.0 = Debug|x64
		{2D8E5E7A-DD5C-4D59-951E-6E564041CDB3}.Debug|x86.ActiveCfg = Debug|Win32
		{2D8E5E7A-DD5C-4D59-951E-6E564041CDB3}.Debug|x86.Build.0 = Debug|Win32
		{2D8E5E7A-DD5C-4D59-951E-6E564041CDB3}.Release|x64.ActiveCfg = Release|x64
		{2D8E5E7A-DD5C-4D59-951E-6E564041CDB3}.Release|x64.Build.0 = Release|x64
		{2D8E5E7A-DD5C-4D59-951E-6E564041CDB3}.Release|x86.ActiveCfg = Release|Win32
		{2D8E5E7A-DD5C-4D59-951E-6E564041CDB3}.Release|x86.Build.0 = Release|Win32
		{40893EF7-17BE-4089-87DC-FD69C1C264C7}.Debug|x64.ActiveCfg = Debug|x64
		{40893EF7-17BE-4089-87DC-FD69C1C264C7}.Debug|x64.Build.0 = Debug|x64
		{40893EF7-17BE-4089-87DC-FD69C1C264C7}.Debug|x86.ActiveCfg = Debug|Win32
		{40893EF7-17BE-4089-87DC-FD69C1C264C7}.Debug|x86.Build.0 = Debug|Win32
		{40893EF7-17BE-4089-87DC-FD69C1C264C7}.Release|x64.ActiveCfg = Release|x64
		{40893EF7-17BE-4089-87DC-FD69C1C264C7}.Release|x64.Build.0 = Release|x64
		{40893EF7-17BE-4089-87DC-FD69C1C264C7}.Release|x86.ActiveCfg = Release|Win32
		{40893EF7-17BE-4089-87DC-FD69C1C264C7}.Release|x86.Build.0 = Release|Win32
		{9735790A-FEBE-4B12-A355-DD51975F8109}.Debug|x64.ActiveCfg = Debug|x64
		{9735790A-FEBE-4B12-A355-DD51975F8109}.Debug|x64.Build.0 = Debug|x64
		{9735790A-FEBE-4B12-A355-DD51975F8109}.Debug|x86.ActiveCfg = Debug|Win32
		{9735790A-FEBE-4B12-A355-DD51975F8109}.Debug|x86.Build.0 = Debug|Win32
		{9735790A-FEBE-4B12-A355-DD51975F8109}.Release|x64.ActiveCfg = Release|x64
		{9735790A-FEBE-4B12-A355-DD51975F8109}.Release|x64.Build.0 = Release|x64
		{9735790A-FEBE-4B12-A355-DD51975F8109}.Release|x86.ActiveCfg = Release|Win32
		{9735790A-FEBE-4B12-A355-DD51975F8109}.Release|x86.Build.0 = Release|Win32
		{BA3DDC78-503F-4CE4-82A2-893A0AD9486E}.Debug|x64.ActiveCfg = Debug|x64
		{BA3DDC78-503F-4CE4-82A2-893A0AD9486E}.Debug|x64.Build.0 = Debug|x64
		{BA3DDC78-503F-4CE4-82A2-893A0AD9486E}.Debug|x86.ActiveCfg = Debug|Win32
		{BA3DDC78-503F-4CE4-82A2-893A0AD9486E}.Debug|x86.Build.0 = Debug|Win32
		{BA3DDC78-503F-4CE4-82A2-893A0AD9486E}.Release|x64.ActiveCfg = Release|x64
		{BA3DDC78-503F-4CE4-82A2-893A0AD9486E}.Release|x64.Build.0 = Release|x64
		{BA3DDC78-503F-4CE4-82A2-893A0AD9486E}.Release|x86.ActiveCfg = Release|Win32
		{BA3DDC78-503F-4CE4-82A2-893A0AD9486E}.Release|x86.Build.0 = Release|Win32
		{607878FD-FFD4-4BD5-BF86-9FEF9EDD7B61}.Debug|x64.ActiveCfg = Debug|x64
		{607878FD-FFD4-4BD5-BF86-9FEF9EDD7B61}.Debug|x64.Build.0 = Debug|x64
		{607878FD-FFD4-4BD5-BF86-9FEF9EDD7B61}.Debug|x86.ActiveCfg = Debug|Win32
		{607878FD-FFD4-4BD5-BF86-9FEF9EDD7B61}.Debug|x86.Build.0 = Debug|Win32
		{607878FD-FFD4-4BD5-BF86-9FEF9EDD7B61}.Release|x64.ActiveCfg = Release|x64
		{607878FD-FFD4-4BD5-BF86-9FEF9EDD7B61}.Release|x64.Build.0 = Release|x64
		{607878FD-FFD4-4BD5-BF86-9FEF9EDD7B61}.Release|x86.ActiveCfg = Release|Win32
		{607878FD-FFD4-4BD5-BF86-9FEF9EDD7B61}.Release|x86.Build.0 = Release|Win32
		{8560485A-BF95-421A-B0E9-D93DB13D1DF0}.Debug|x64.ActiveCfg = Debug|x64
		{8560485A-BF95-421A-B0E9-D93DB13D1DF0}.Debug|x64.Build.0 = Debug|x64
		{8560485A-BF95-421A-B0E9-D93DB13D1DF0}.Debug|x86.ActiveCfg = Debug|Win32
		{8560485A-BF95-421A-B0E9-D93DB13D1DF0}.Debug|x86.Build.0 = Debug|Win32
		{8560485A-BF95-421A-B0E9-D93DB13D1DF0}.Release|x64.ActiveCfg = Release|x64
		{8560485A-BF95-421A-B0E9-D93DB13D1DF0}.Release|x64.Build.0 = Release|x64
		{8560485A-BF95-421A-B0E9-D93DB13D1DF0}.Release|x86.ActiveCfg = Release|Win32
		{8560485A-BF95-421A-B0E9-D93DB13D1DF0}.Release|x86.Build.0 = Release|Win32
	EndGlobalSection
	GlobalSection(SolutionProperties) = preSolution
		HideSolutionNode = FALSE
	EndGlobalSection
	GlobalSection(NestedProjects) = preSolution
		{25D28627-1D4A-47F8-81FE-5420C691414A} = {9DCE97C8-DEDF-4434-B566-C87AF5918E8D}
		{90BAF8F8-E081-40BB-8B91-1ADD38908D41} = {9DCE97C8-DEDF-4434-B566-C87AF5918E8D}
		{B54D3930-DA28-4DB1-A4B5-A3D1E5D9DECA} = {9DCE97C8-DEDF-4434-B566-C87AF5918E8D}
		{DF2BAE5A-759D-4A31-B063-197670BBD019} = {9DCE97C8-DEDF-4434-B566-C87AF5918E8D}
		{C698E3EF-A05B-4B9B-AC84-8279A2D49D36} = {9DCE97C8-DEDF-4434-B566-C87AF5918E8D}
		{8C138A6A-6433-4CBB-8FE1-5F341725DFB7} = {9DCE97C8-DEDF-4434-B566-C87AF5918E8D}
		{EB70D34B-1C48-409A-AC78-7CA3E0C18FE4} = {9DCE97C8-DEDF-4434-B566-C87AF5918E8D}
		{A6628ECF-589B-47CF-AC80-2B8E993B47B2} = {9DCE97C8-DEDF-4434-B566-C87AF5918E8D}
		{8465B00A-D7DC-4EF4-AB7E-79CC52521BEA} = {9DCE97C8-DEDF-4434-B566-C87AF5918E8D}
		{81E617F5-2B99-4096-AEEB-6BBAB7670A91} = {9DCE97C8-DEDF-4434-B566-C87AF5918E8D}
		{6F2C8DB1-F214-47D5-931F-A0ADEFB52E4A} = {9DCE97C8-DEDF-4434-B566-C87AF5918E8D}
		{05C8C548-EBA9-4B55-AB56-CC6587AB9E4C} = {9DCE97C8-DEDF-4434-B566-C87AF5918E8D}
		{913E5B1D-615D-432A-AE0F-72E27CB0FC11} = {9DCE97C8-DEDF-4434-B566-C87AF5918E8D}
		{398CDFE1-A017-4503-BEE0-424330AC963E} = {0C42FE19-9D1E-44C1-9C2A-498BF6EC2FB9}
		{934B1C2C-C696-4EA2-9F46-C57D47C07E51} = {0C42FE19-9D1E-44C1-9C2A-498BF6EC2FB9}
		{5FE2CB56-336B-449A-A895-B6DE081683FD} = {0C42FE19-9D1E-44C1-9C2A-498BF6EC2FB9}
		{04695EE3-7480-42B2-9595-2014F2435F88} = {0C42FE19-9D1E-44C1-9C2A-498BF6EC2FB9}
		{CA3ADF59-9CDF-4993-B6A5-8BCA19722D5D} = {0C42FE19-9D1E-44C1-9C2A-498BF6EC2FB9}
		{DAF3E82E-915F-4E0D-9F53-6B0DBECFCDB0} = {0C42FE19-9D1E-44C1-9C2A-498BF6EC2FB9}
		{F65EF5DD-4992-44CB-92BC-ECE5FC2A6338} = {0C42FE19-9D1E-44C1-9C2A-498BF6EC2FB9}
		{0EB4FEB1-C421-42F6-B692-A335D8676C14} = {0C42FE19-9D1E-44C1-9C2A-498BF6EC2FB9}
		{F0077C68-1797-4480-9DAB-6DE26E58DC7D} = {0C42FE19-9D1E-44C1-9C2A-498BF6EC2FB9}
		{806D7F37-1F16-4F45-94AF-4A3FEE90EE71} = {0C42FE19-9D1E-44C1-9C2A-498BF6EC2FB9}
		{B5CF7278-1314-40B6-8872-DC276419C580} = {0C42FE19-9D1E-44C1-9C2A-498BF6EC2FB9}
		{2D8E5E7A-DD5C-4D59-951E-6E564041CDB3} = {0C42FE19-9D1E-44C1-9C2A-498BF6EC2FB9}
		{40893EF7-17BE-4089-87DC-FD69C1C264C7} = {0C42FE19-9D1E-44C1-9C2A-498BF6EC2FB9}
		{9735790A-FEBE-4B12-A355-DD51975F8109} = {0C42FE19-9D1E-44C1-9C2A-498BF6EC2FB9}
		{BA3DDC78-503F-4CE4-82A2-893A0AD9486E} = {1DD6C673-363C-4207-AF87-DB88BD39F712}
		{607878FD-FFD4-4BD5-BF86-9FEF9EDD7B61} = {1DD6C673-363C-4207-AF87-DB88BD39F712}
		{8560485A-BF95-421A-B0E9-D93DB13D1DF0} = {1DD6C673-363C-4207-AF87-DB88BD39F712}
	EndGlobalSection
	GlobalSection(ExtensibilityGlobals) = postSolution
		SolutionGuid = {282E7902-A78B-4F6E-9098-C6F14CCA2909}
	EndGlobalSection
EndGlobal
